
Microsoft Visual Studio Solution File, Format Version 12.00
# Visual Studio 2012
Project("{FAE04EC0-301F-11D3-BF4B-00C04F79EFBC}") = "AzureServiceBusHost", "AzureServiceBusHost\AzureServiceBusHost.csproj", "{E920DD40-4983-4C9B-916E-E05DBE307041}"
EndProject
Project("{FAE04EC0-301F-11D3-BF4B-00C04F79EFBC}") = "AzureServiceBusHost.Console", "AzureServiceBusHost.Console\AzureServiceBusHost.Console.csproj", "{42F0BC53-1AC8-4E8C-ABB1-06D6ADE88F0F}"
EndProject
Project("{2150E333-8FDC-42A3-9474-1A3956D46DE8}") = ".nuget", ".nuget", "{C1BDF7C2-CB3D-4086-A3CE-35B5DB94CFC5}"
	ProjectSection(SolutionItems) = preProject
		.nuget\NuGet.Config = .nuget\NuGet.Config
		.nuget\NuGet.exe = .nuget\NuGet.exe
		.nuget\NuGet.targets = .nuget\NuGet.targets
	EndProjectSection
EndProject
Project("{FAE04EC0-301F-11D3-BF4B-00C04F79EFBC}") = "AzureServiceBusHost.Tests", "Tests\AzureServiceBusHost.Tests\AzureServiceBusHost.Tests.csproj", "{A2F8AE3E-BB21-4788-9F80-E12FC3178387}"
EndProject
Global
	GlobalSection(SolutionConfigurationPlatforms) = preSolution
		Debug|Any CPU = Debug|Any CPU
		Release|Any CPU = Release|Any CPU
	EndGlobalSection
	GlobalSection(ProjectConfigurationPlatforms) = postSolution
		{E920DD40-4983-4C9B-916E-E05DBE307041}.Debug|Any CPU.ActiveCfg = Debug|Any CPU
		{E920DD40-4983-4C9B-916E-E05DBE307041}.Debug|Any CPU.Build.0 = Debug|Any CPU
		{E920DD40-4983-4C9B-916E-E05DBE307041}.Release|Any CPU.ActiveCfg = Release|Any CPU
		{E920DD40-4983-4C9B-916E-E05DBE307041}.Release|Any CPU.Build.0 = Release|Any CPU
		{42F0BC53-1AC8-4E8C-ABB1-06D6ADE88F0F}.Debug|Any CPU.ActiveCfg = Debug|Any CPU
		{42F0BC53-1AC8-4E8C-ABB1-06D6ADE88F0F}.Debug|Any CPU.Build.0 = Debug|Any CPU
		{42F0BC53-1AC8-4E8C-ABB1-06D6ADE88F0F}.Release|Any CPU.ActiveCfg = Release|Any CPU
		{42F0BC53-1AC8-4E8C-ABB1-06D6ADE88F0F}.Release|Any CPU.Build.0 = Release|Any CPU
		{A2F8AE3E-BB21-4788-9F80-E12FC3178387}.Debug|Any CPU.ActiveCfg = Debug|Any CPU
		{A2F8AE3E-BB21-4788-9F80-E12FC3178387}.Debug|Any CPU.Build.0 = Debug|Any CPU
		{A2F8AE3E-BB21-4788-9F80-E12FC3178387}.Release|Any CPU.ActiveCfg = Release|Any CPU
		{A2F8AE3E-BB21-4788-9F80-E12FC3178387}.Release|Any CPU.Build.0 = Release|Any CPU
	EndGlobalSection
	GlobalSection(SolutionProperties) = preSolution
		HideSolutionNode = FALSE
	EndGlobalSection
EndGlobal
